
Microsoft Visual Studio Solution File, Format Version 12.00
# Visual Studio 15
VisualStudioVersion = 15.0.28307.572
MinimumVisualStudioVersion = 10.0.40219.1
Project("{FAE04EC0-301F-11D3-BF4B-00C04F79EFBC}") = "Genesis.QRCodeLib", "Genesis.QRCodeLib\Genesis.QRCodeLib.csproj", "{F39DD410-5BCE-4FA1-8D33-F36B66C95C88}"
EndProject
Global
	GlobalSection(SolutionConfigurationPlatforms) = preSolution
		Debug|Any CPU = Debug|Any CPU
		Release|Any CPU = Release|Any CPU
	EndGlobalSection
	GlobalSection(ProjectConfigurationPlatforms) = postSolution
		{F39DD410-5BCE-4FA1-8D33-F36B66C95C88}.Debug|Any CPU.ActiveCfg = Debug|Any CPU
		{F39DD410-5BCE-4FA1-8D33-F36B66C95C88}.Debug|Any CPU.Build.0 = Debug|Any CPU
		{F39DD410-5BCE-4FA1-8D33-F36B66C95C88}.Release|Any CPU.ActiveCfg = Release|Any CPU
		{F39DD410-5BCE-4FA1-8D33-F36B66C95C88}.Release|Any CPU.Build.0 = Release|Any CPU
	EndGlobalSection
	GlobalSection(SolutionProperties) = preSolution
		HideSolutionNode = FALSE
	EndGlobalSection
	GlobalSection(ExtensibilityGlobals) = postSolution
		SolutionGuid = {ADB9B3DB-6B16-431F-9775-9CB85C93FFD1}
	EndGlobalSection
EndGlobal
